Microsoft Visual Studio Solution File, Format Version 12.00
# Visual Studio 2013
VisualStudioVersion = 12.0.40629.0
MinimumVisualStudioVersion = 10.0.40219.1
Project("{FAE04EC0-301F-11D3-BF4B-00C04F79EFBC}") = "CRMDeveloperExtensions", "CRMDeveloperExtensions\CRMDeveloperExtensions.csproj", "{A4FDB41F-E97D-42FC-BF45-E762A4F87F7A}"
EndProject
Project("{FAE04EC0-301F-11D3-BF4B-00C04F79EFBC}") = "TemplateWizards", "TemplateWizards\TemplateWizards.csproj", "{4F1D342A-3F47-485C-888F-B85E54A8662B}"
EndProject
Project("{FAE04EC0-301F-11D3-BF4B-00C04F79EFBC}") = "UserOptions", "UserOptions\UserOptions.csproj", "{75D1747A-598A-48F9-927C-381BEDC355E6}"
EndProject
Project("{2150E333-8FDC-42A3-9474-1A3956D46DE8}") = "Project Templates", "Project Templates", "{03259B5D-4711-48F0-A39F-1F8B28418D0A}"
EndProject
Project("{FAE04EC0-301F-11D3-BF4B-00C04F79EFBC}") = "CRMPluginProject", "Project Templates\CRMPluginProject\CRMPluginProject.csproj", "{56E63E6D-35E9-48B5-A549-1321610F197A}"
EndProject
Project("{FAE04EC0-301F-11D3-BF4B-00C04F79EFBC}") = "CRMPluginUnitTestProject", "Project Templates\CRMPluginUnitTestProject\CRMPluginUnitTestProject.csproj", "{CBE6269C-2B9B-460C-9AE1-89DA739B30A8}"
EndProject
Project("{FAE04EC0-301F-11D3-BF4B-00C04F79EFBC}") = "CRMSimpleConsole", "Project Templates\CRMSimpleConsole\CRMSimpleConsole.csproj", "{89C0A8D4-D301-4789-BE22-0CFD7BDEAFA0}"
EndProject
Project("{FAE04EC0-301F-11D3-BF4B-00C04F79EFBC}") = "CRMWebResourceProject", "Project Templates\CRMWebResourceProject\CRMWebResourceProject.csproj", "{68670149-40FE-4EA9-A624-572B2C595F69}"
EndProject
Project("{FAE04EC0-301F-11D3-BF4B-00C04F79EFBC}") = "CRMWorkflowProject", "Project Templates\CRMWorkflowProject\CRMWorkflowProject.csproj", "{2110F684-C277-47E7-B8B9-6F17A579D0CE}"
EndProject
Project("{FAE04EC0-301F-11D3-BF4B-00C04F79EFBC}") = "CRMWorkflowUnitTestProject", "Project Templates\CRMWorkflowUnitTestProject\CRMWorkflowUnitTestProject.csproj", "{BEB2646D-B31B-4E4E-802D-C66FBB5A92C9}"
EndProject
Project("{FAE04EC0-301F-11D3-BF4B-00C04F79EFBC}") = "WebResourceDeployer", "WebResourceDeployer\WebResourceDeployer.csproj", "{62E8982D-4308-43BA-BF4A-901DEF8BC7EA}"
EndProject
Project("{FAE04EC0-301F-11D3-BF4B-00C04F79EFBC}") = "OutputLogger", "OutputLogger\OutputLogger.csproj", "{062E2258-9817-4834-A946-65CB2B57EAB3}"
EndProject
Project("{FAE04EC0-301F-11D3-BF4B-00C04F79EFBC}") = "CrmConnectionWindow", "CrmConnectionWindow\CrmConnectionWindow.csproj", "{CCBCCCD5-4ADE-4B52-B77B-6C453DC30E1D}"
EndProject
Project("{FAE04EC0-301F-11D3-BF4B-00C04F79EFBC}") = "InfoWindow", "InfoWindow\InfoWindow.csproj", "{AEF6906B-3A68-4614-8790-0D6099B91462}"
EndProject
Project("{FAE04EC0-301F-11D3-BF4B-00C04F79EFBC}") = "SdkSearch", "SdkSearch\SdkSearch.csproj", "{07E1512C-D9A4-4E2D-8054-5A27FC9C1103}"
EndProject
Project("{FAE04EC0-301F-11D3-BF4B-00C04F79EFBC}") = "PluginDeployer", "PluginDeployer\PluginDeployer.csproj", "{910BCD37-04C5-480F-8A22-D7518C42C3BE}"
EndProject
Project("{FAE04EC0-301F-11D3-BF4B-00C04F79EFBC}") = "CRMTypeScriptProject", "Project Templates\CRMTypeScriptProject\CRMTypeScriptProject.csproj", "{EBC4B023-F605-41F0-AA56-7844BCA0B3CE}"
EndProject
Project("{FAE04EC0-301F-11D3-BF4B-00C04F79EFBC}") = "ReportDeployer", "ReportDeployer\ReportDeployer.csproj", "{484F86E5-C669-4ADF-8883-A2C46DFA727B}"
EndProject
Project("{FAE04EC0-301F-11D3-BF4B-00C04F79EFBC}") = "SolutionPackager", "SolutionPackager\SolutionPackager.csproj", "{DBDADFC0-2C7D-49CA-B538-5A71BA1BD871}"
EndProject
Project("{FAE04EC0-301F-11D3-BF4B-00C04F79EFBC}") = "CRMSolutionPackage", "Project Templates\CRMSolutionPackage\CRMSolutionPackage.csproj", "{B7747AA4-0BF1-4DB9-8725-AC1CF5E1FDA7}"
EndProject
Project("{FAE04EC0-301F-11D3-BF4B-00C04F79EFBC}") = "CommonResources", "CommonResources\CommonResources.csproj", "{4F82019C-685B-4349-ACE2-091AD63004B9}"
EndProject
Project("{2150E333-8FDC-42A3-9474-1A3956D46DE8}") = "References", "References", "{EA407396-1C90-46D9-AD3F-D2289379C311}"
EndProject
Project("{2150E333-8FDC-42A3-9474-1A3956D46DE8}") = "Crm2016", "Crm2016", "{2B659611-4C6D-4DE0-90F7-7A2AD442E1DF}"
	ProjectSection(SolutionItems) = preProject
		References\Crm2016\Microsoft.Crm.Sdk.Proxy.dll = References\Crm2016\Microsoft.Crm.Sdk.Proxy.dll
		References\Crm2016\Microsoft.IdentityModel.Clients.ActiveDirectory.dll = References\Crm2016\Microsoft.IdentityModel.Clients.ActiveDirectory.dll
		References\Crm2016\Microsoft.IdentityModel.Clients.ActiveDirectory.WindowsForms.dll = References\Crm2016\Microsoft.IdentityModel.Clients.ActiveDirectory.WindowsForms.dll
		References\Crm2016\Microsoft.Xrm.Sdk.Deployment.dll = References\Crm2016\Microsoft.Xrm.Sdk.Deployment.dll
		References\Crm2016\Microsoft.Xrm.Sdk.dll = References\Crm2016\Microsoft.Xrm.Sdk.dll
		References\Crm2016\Microsoft.Xrm.Tooling.Connector.dll = References\Crm2016\Microsoft.Xrm.Tooling.Connector.dll
	EndProjectSection
EndProject
Global
	GlobalSection(SolutionConfigurationPlatforms) = preSolution
		Debug|Any CPU = Debug|Any CPU
		Release|Any CPU = Release|Any CPU
	EndGlobalSection
	GlobalSection(ProjectConfigurationPlatforms) = postSolution
		{A4FDB41F-E97D-42FC-BF45-E762A4F87F7A}.Debug|Any CPU.ActiveCfg = Debug|Any CPU
		{A4FDB41F-E97D-42FC-BF45-E762A4F87F7A}.Debug|Any CPU.Build.0 = Debug|Any CPU
		{A4FDB41F-E97D-42FC-BF45-E762A4F87F7A}.Release|Any CPU.ActiveCfg = Release|Any CPU
		{A4FDB41F-E97D-42FC-BF45-E762A4F87F7A}.Release|Any CPU.Build.0 = Release|Any CPU
		{4F1D342A-3F47-485C-888F-B85E54A8662B}.Debug|Any CPU.ActiveCfg = Debug|Any CPU
		{4F1D342A-3F47-485C-888F-B85E54A8662B}.Debug|Any CPU.Build.0 = Debug|Any CPU
		{4F1D342A-3F47-485C-888F-B85E54A8662B}.Release|Any CPU.ActiveCfg = Release|Any CPU
		{4F1D342A-3F47-485C-888F-B85E54A8662B}.Release|Any CPU.Build.0 = Release|Any CPU
		{75D1747A-598A-48F9-927C-381BEDC355E6}.Debug|Any CPU.ActiveCfg = Debug|Any CPU
		{75D1747A-598A-48F9-927C-381BEDC355E6}.Debug|Any CPU.Build.0 = Debug|Any CPU
		{75D1747A-598A-48F9-927C-381BEDC355E6}.Release|Any CPU.ActiveCfg = Release|Any CPU
		{75D1747A-598A-48F9-927C-381BEDC355E6}.Release|Any CPU.Build.0 = Release|Any CPU
		{56E63E6D-35E9-48B5-A549-1321610F197A}.Debug|Any CPU.ActiveCfg = Debug|Any CPU
		{56E63E6D-35E9-48B5-A549-1321610F197A}.Release|Any CPU.ActiveCfg = Release|Any CPU
		{CBE6269C-2B9B-460C-9AE1-89DA739B30A8}.Debug|Any CPU.ActiveCfg = Debug|Any CPU
		{CBE6269C-2B9B-460C-9AE1-89DA739B30A8}.Release|Any CPU.ActiveCfg = Release|Any CPU
		{89C0A8D4-D301-4789-BE22-0CFD7BDEAFA0}.Debug|Any CPU.ActiveCfg = Debug|Any CPU
		{89C0A8D4-D301-4789-BE22-0CFD7BDEAFA0}.Release|Any CPU.ActiveCfg = Release|Any CPU
		{68670149-40FE-4EA9-A624-572B2C595F69}.Debug|Any CPU.ActiveCfg = Debug|Any CPU
		{68670149-40FE-4EA9-A624-572B2C595F69}.Release|Any CPU.ActiveCfg = Release|Any CPU
		{2110F684-C277-47E7-B8B9-6F17A579D0CE}.Debug|Any CPU.ActiveCfg = Debug|Any CPU
		{2110F684-C277-47E7-B8B9-6F17A579D0CE}.Release|Any CPU.ActiveCfg = Release|Any CPU
		{BEB2646D-B31B-4E4E-802D-C66FBB5A92C9}.Debug|Any CPU.ActiveCfg = Debug|Any CPU
		{BEB2646D-B31B-4E4E-802D-C66FBB5A92C9}.Release|Any CPU.ActiveCfg = Release|Any CPU
		{62E8982D-4308-43BA-BF4A-901DEF8BC7EA}.Debug|Any CPU.ActiveCfg = Debug|Any CPU
		{62E8982D-4308-43BA-BF4A-901DEF8BC7EA}.Debug|Any CPU.Build.0 = Debug|Any CPU
		{62E8982D-4308-43BA-BF4A-901DEF8BC7EA}.Release|Any CPU.ActiveCfg = Release|Any CPU
		{62E8982D-4308-43BA-BF4A-901DEF8BC7EA}.Release|Any CPU.Build.0 = Release|Any CPU
		{062E2258-9817-4834-A946-65CB2B57EAB3}.Debug|Any CPU.ActiveCfg = Debug|Any CPU
		{062E2258-9817-4834-A946-65CB2B57EAB3}.Debug|Any CPU.Build.0 = Debug|Any CPU
		{062E2258-9817-4834-A946-65CB2B57EAB3}.Release|Any CPU.ActiveCfg = Release|Any CPU
		{062E2258-9817-4834-A946-65CB2B57EAB3}.Release|Any CPU.Build.0 = Release|Any CPU
		{CCBCCCD5-4ADE-4B52-B77B-6C453DC30E1D}.Debug|Any CPU.ActiveCfg = Debug|Any CPU
		{CCBCCCD5-4ADE-4B52-B77B-6C453DC30E1D}.Debug|Any CPU.Build.0 = Debug|Any CPU
		{CCBCCCD5-4ADE-4B52-B77B-6C453DC30E1D}.Release|Any CPU.ActiveCfg = Release|Any CPU
		{CCBCCCD5-4ADE-4B52-B77B-6C453DC30E1D}.Release|Any CPU.Build.0 = Release|Any CPU
		{AEF6906B-3A68-4614-8790-0D6099B91462}.Debug|Any CPU.ActiveCfg = Debug|Any CPU
		{AEF6906B-3A68-4614-8790-0D6099B91462}.Debug|Any CPU.Build.0 = Debug|Any CPU
		{AEF6906B-3A68-4614-8790-0D6099B91462}.Release|Any CPU.ActiveCfg = Release|Any CPU
		{AEF6906B-3A68-4614-8790-0D6099B91462}.Release|Any CPU.Build.0 = Release|Any CPU
		{07E1512C-D9A4-4E2D-8054-5A27FC9C1103}.Debug|Any CPU.ActiveCfg = Debug|Any CPU
		{07E1512C-D9A4-4E2D-8054-5A27FC9C1103}.Debug|Any CPU.Build.0 = Debug|Any CPU
		{07E1512C-D9A4-4E2D-8054-5A27FC9C1103}.Release|Any CPU.ActiveCfg = Release|Any CPU
		{07E1512C-D9A4-4E2D-8054-5A27FC9C1103}.Release|Any CPU.Build.0 = Release|Any CPU
		{910BCD37-04C5-480F-8A22-D7518C42C3BE}.Debug|Any CPU.ActiveCfg = Debug|Any CPU
		{910BCD37-04C5-480F-8A22-D7518C42C3BE}.Debug|Any CPU.Build.0 = Debug|Any CPU
		{910BCD37-04C5-480F-8A22-D7518C42C3BE}.Release|Any CPU.ActiveCfg = Release|Any CPU
		{910BCD37-04C5-480F-8A22-D7518C42C3BE}.Release|Any CPU.Build.0 = Release|Any CPU
		{EBC4B023-F605-41F0-AA56-7844BCA0B3CE}.Debug|Any CPU.ActiveCfg = Debug|Any CPU
		{EBC4B023-F605-41F0-AA56-7844BCA0B3CE}.Release|Any CPU.ActiveCfg = Release|Any CPU
		{484F86E5-C669-4ADF-8883-A2C46DFA727B}.Debug|Any CPU.ActiveCfg = Debug|Any CPU
		{484F86E5-C669-4ADF-8883-A2C46DFA727B}.Debug|Any CPU.Build.0 = Debug|Any CPU
		{484F86E5-C669-4ADF-8883-A2C46DFA727B}.Release|Any CPU.ActiveCfg = Release|Any CPU
		{484F86E5-C669-4ADF-8883-A2C46DFA727B}.Release|Any CPU.Build.0 = Release|Any CPU
		{DBDADFC0-2C7D-49CA-B538-5A71BA1BD871}.Debug|Any CPU.ActiveCfg = Debug|Any CPU
		{DBDADFC0-2C7D-49CA-B538-5A71BA1BD871}.Debug|Any CPU.Build.0 = Debug|Any CPU
		{DBDADFC0-2C7D-49CA-B538-5A71BA1BD871}.Release|Any CPU.ActiveCfg = Release|Any CPU
		{DBDADFC0-2C7D-49CA-B538-5A71BA1BD871}.Release|Any CPU.Build.0 = Release|Any CPU
		{B7747AA4-0BF1-4DB9-8725-AC1CF5E1FDA7}.Debug|Any CPU.ActiveCfg = Debug|Any CPU
		{B7747AA4-0BF1-4DB9-8725-AC1CF5E1FDA7}.Release|Any CPU.ActiveCfg = Release|Any CPU
		{4F82019C-685B-4349-ACE2-091AD63004B9}.Debug|Any CPU.ActiveCfg = Debug|Any CPU
		{4F82019C-685B-4349-ACE2-091AD63004B9}.Debug|Any CPU.Build.0 = Debug|Any CPU
		{4F82019C-685B-4349-ACE2-091AD63004B9}.Release|Any CPU.ActiveCfg = Release|Any CPU
		{4F82019C-685B-4349-ACE2-091AD63004B9}.Release|Any CPU.Build.0 = Release|Any CPU
	EndGlobalSection
	GlobalSection(SolutionProperties) = preSolution
		HideSolutionNode = FALSE
	EndGlobalSection
	GlobalSection(NestedProjects) = preSolution
		{56E63E6D-35E9-48B5-A549-1321610F197A} = {03259B5D-4711-48F0-A39F-1F8B28418D0A}
		{CBE6269C-2B9B-460C-9AE1-89DA739B30A8} = {03259B5D-4711-48F0-A39F-1F8B28418D0A}
		{89C0A8D4-D301-4789-BE22-0CFD7BDEAFA0} = {03259B5D-4711-48F0-A39F-1F8B28418D0A}
		{68670149-40FE-4EA9-A624-572B2C595F69} = {03259B5D-4711-48F0-A39F-1F8B28418D0A}
		{2110F684-C277-47E7-B8B9-6F17A579D0CE} = {03259B5D-4711-48F0-A39F-1F8B28418D0A}
		{BEB2646D-B31B-4E4E-802D-C66FBB5A92C9} = {03259B5D-4711-48F0-A39F-1F8B28418D0A}
		{EBC4B023-F605-41F0-AA56-7844BCA0B3CE} = {03259B5D-4711-48F0-A39F-1F8B28418D0A}
		{B7747AA4-0BF1-4DB9-8725-AC1CF5E1FDA7} = {03259B5D-4711-48F0-A39F-1F8B28418D0A}
		{2B659611-4C6D-4DE0-90F7-7A2AD442E1DF} = {EA407396-1C90-46D9-AD3F-D2289379C311}
	EndGlobalSection
EndGlobal
